
Microsoft Visual Studio Solution File, Format Version 12.00
# Visual Studio Version 16
VisualStudioVersion = 16.0.34114.132
MinimumVisualStudioVersion = 10.0.40219.1
Project("{E24C65DC-7377-472B-9ABA-BC803B73C61A}") = "UluruVietNam", ".", "{F44C68E9-4497-4E00-9130-F34A2B567653}"
	ProjectSection(WebsiteProperties) = preProject
		TargetFrameworkMoniker = ".NETFramework,Version%3Dv4.5"
		Debug.AspNetCompiler.VirtualPath = "/localhost_57268"
		Debug.AspNetCompiler.PhysicalPath = "..\UluruVietNam\"
		Debug.AspNetCompiler.TargetPath = "PrecompiledWeb\localhost_57268\"
		Debug.AspNetCompiler.Updateable = "true"
		Debug.AspNetCompiler.ForceOverwrite = "true"
		Debug.AspNetCompiler.FixedNames = "false"
		Debug.AspNetCompiler.Debug = "True"
		Release.AspNetCompiler.VirtualPath = "/localhost_57268"
		Release.AspNetCompiler.PhysicalPath = "..\UluruVietNam\"
		Release.AspNetCompiler.TargetPath = "PrecompiledWeb\localhost_57268\"
		Release.AspNetCompiler.Updateable = "true"
		Release.AspNetCompiler.ForceOverwrite = "true"
		Release.AspNetCompiler.FixedNames = "false"
		Release.AspNetCompiler.Debug = "False"
		VWDPort = "57268"
		SlnRelativePath = "..\UluruVietNam\"
	EndProjectSection
EndProject
Global
	GlobalSection(SolutionConfigurationPlatforms) = preSolution
		Debug|Any CPU = Debug|Any CPU
	EndGlobalSection
	GlobalSection(ProjectConfigurationPlatforms) = postSolution
		{F44C68E9-4497-4E00-9130-F34A2B567653}.Debug|Any CPU.ActiveCfg = Debug|Any CPU
		{F44C68E9-4497-4E00-9130-F34A2B567653}.Debug|Any CPU.Build.0 = Debug|Any CPU
	EndGlobalSection
	GlobalSection(SolutionProperties) = preSolution
		HideSolutionNode = FALSE
	EndGlobalSection
	GlobalSection(ExtensibilityGlobals) = postSolution
		SolutionGuid = {7BA0D1FA-3ACF-437D-BA31-C7075CAD97EB}
	EndGlobalSection
EndGlobal
